
Microsoft Visual Studio Solution File, Format Version 12.00
# Visual Studio 15
VisualStudioVersion = 15.0.27703.2035
MinimumVisualStudioVersion = 10.0.40219.1
Project("{FAE04EC0-301F-11D3-BF4B-00C04F79EFBC}") = "PSMS_Sub_WebAPI", "PSMS_Sub_WebAPI\PSMS_Sub_WebAPI.csproj", "{9A64B3E7-44E3-4D0C-9488-7B5BE49099AB}"
EndProject
Project("{FAE04EC0-301F-11D3-BF4B-00C04F79EFBC}") = "PSMS_Sub_BL", "PSMS_Sub_BL\PSMS_Sub_BL.csproj", "{E2CB244D-FF74-4569-AC56-1D27FCE62BEA}"
EndProject
Project("{FAE04EC0-301F-11D3-BF4B-00C04F79EFBC}") = "PSMS_Sub_DA", "PSMS_Sub_DA\PSMS_Sub_DA.csproj", "{E9F2544F-2944-4EAE-9CBF-5FE81F785207}"
EndProject
Project("{FAE04EC0-301F-11D3-BF4B-00C04F79EFBC}") = "PSMS_Sub_DM", "PSMS_Sub_DM\PSMS_Sub_DM.csproj", "{07B113BA-A60B-4681-A3FD-D06C8DAEC123}"
EndProject
Project("{FAE04EC0-301F-11D3-BF4B-00C04F79EFBC}") = "PSMS_Utility", "PSMS_Utility\PSMS_Utility.csproj", "{7874D242-7FC8-4F76-8185-F3D499518E8F}"
EndProject
Project("{FAE04EC0-301F-11D3-BF4B-00C04F79EFBC}") = "PSMS_VM", "PSMS_VM\PSMS_VM.csproj", "{9D62E6F8-E59D-41F6-AD47-C97012CDE7BD}"
EndProject
Global
	GlobalSection(SolutionConfigurationPlatforms) = preSolution
		Debug|Any CPU = Debug|Any CPU
		Release|Any CPU = Release|Any CPU
	EndGlobalSection
	GlobalSection(ProjectConfigurationPlatforms) = postSolution
		{9A64B3E7-44E3-4D0C-9488-7B5BE49099AB}.Debug|Any CPU.ActiveCfg = Debug|Any CPU
		{9A64B3E7-44E3-4D0C-9488-7B5BE49099AB}.Debug|Any CPU.Build.0 = Debug|Any CPU
		{9A64B3E7-44E3-4D0C-9488-7B5BE49099AB}.Release|Any CPU.ActiveCfg = Release|Any CPU
		{9A64B3E7-44E3-4D0C-9488-7B5BE49099AB}.Release|Any CPU.Build.0 = Release|Any CPU
		{E2CB244D-FF74-4569-AC56-1D27FCE62BEA}.Debug|Any CPU.ActiveCfg = Debug|Any CPU
		{E2CB244D-FF74-4569-AC56-1D27FCE62BEA}.Debug|Any CPU.Build.0 = Debug|Any CPU
		{E2CB244D-FF74-4569-AC56-1D27FCE62BEA}.Release|Any CPU.ActiveCfg = Release|Any CPU
		{E2CB244D-FF74-4569-AC56-1D27FCE62BEA}.Release|Any CPU.Build.0 = Release|Any CPU
		{E9F2544F-2944-4EAE-9CBF-5FE81F785207}.Debug|Any CPU.ActiveCfg = Debug|Any CPU
		{E9F2544F-2944-4EAE-9CBF-5FE81F785207}.Debug|Any CPU.Build.0 = Debug|Any CPU
		{E9F2544F-2944-4EAE-9CBF-5FE81F785207}.Release|Any CPU.ActiveCfg = Release|Any CPU
		{E9F2544F-2944-4EAE-9CBF-5FE81F785207}.Release|Any CPU.Build.0 = Release|Any CPU
		{07B113BA-A60B-4681-A3FD-D06C8DAEC123}.Debug|Any CPU.ActiveCfg = Debug|Any CPU
		{07B113BA-A60B-4681-A3FD-D06C8DAEC123}.Debug|Any CPU.Build.0 = Debug|Any CPU
		{07B113BA-A60B-4681-A3FD-D06C8DAEC123}.Release|Any CPU.ActiveCfg = Release|Any CPU
		{07B113BA-A60B-4681-A3FD-D06C8DAEC123}.Release|Any CPU.Build.0 = Release|Any CPU
		{7874D242-7FC8-4F76-8185-F3D499518E8F}.Debug|Any CPU.ActiveCfg = Debug|Any CPU
		{7874D242-7FC8-4F76-8185-F3D499518E8F}.Debug|Any CPU.Build.0 = Debug|Any CPU
		{7874D242-7FC8-4F76-8185-F3D499518E8F}.Release|Any CPU.ActiveCfg = Release|Any CPU
		{7874D242-7FC8-4F76-8185-F3D499518E8F}.Release|Any CPU.Build.0 = Release|Any CPU
		{9D62E6F8-E59D-41F6-AD47-C97012CDE7BD}.Debug|Any CPU.ActiveCfg = Debug|Any CPU
		{9D62E6F8-E59D-41F6-AD47-C97012CDE7BD}.Debug|Any CPU.Build.0 = Debug|Any CPU
		{9D62E6F8-E59D-41F6-AD47-C97012CDE7BD}.Release|Any CPU.ActiveCfg = Release|Any CPU
		{9D62E6F8-E59D-41F6-AD47-C97012CDE7BD}.Release|Any CPU.Build.0 = Release|Any CPU
	EndGlobalSection
	GlobalSection(SolutionProperties) = preSolution
		HideSolutionNode = FALSE
	EndGlobalSection
	GlobalSection(ExtensibilityGlobals) = postSolution
		SolutionGuid = {1BF283E2-8E1A-462C-A982-E8CF2122F43A}
	EndGlobalSection
EndGlobal
